{
  "name": "lingascript_cn_test",
  "version": "1.0.0",
  "lockfileVersion": 1,
  "requires": true,
  "dependencies": {
    "lingascript-cn": {
      "version": "0.3.0",
      "resolved": "https://registry.npmjs.org/lingascript-cn/-/lingascript-cn-0.3.0.tgz",
      "integrity": "sha512-LTxaaOp2dHI6+0dkDOXTAyYlG4F73LvuKCLamn1xwTdyGIfS5ZAsBg5x/k1qm+CpEsmbdjaNl6gKOdj3SR82zQ=="
    }
  }
}
